dependencies:
- name: postgresql
  repository: oci://registry-1.docker.io/bitnamicharts
  version: 12.6.6
- name: postgresql-ha
  repository: oci://registry-1.docker.io/bitnamicharts
  version: 11.7.9
- name: redis-cluster
  repository: oci://registry-1.docker.io/bitnamicharts
  version: 8.6.9
digest: sha256:52296a48610712a8eb69a32b1b5818b014bfb8dac79d883e11ebdaf97d41e85d
generated: "2023-07-17T21:24:06.888357+02:00"
